
Microsoft Visual Studio Solution File, Format Version 12.00
# Visual Studio Version 17
VisualStudioVersion = 17.0.31912.275
MinimumVisualStudioVersion = 10.0.40219.1
Project("{FAE04EC0-301F-11D3-BF4B-00C04F79EFBC}") = "API", "API\API.csproj", "{D30B6F15-F538-4158-BC41-3A9C1C9FE4FD}"
EndProject
Global
	GlobalSection(SolutionConfigurationPlatforms) = preSolution
		Debug|Any CPU = Debug|Any CPU
		Release|Any CPU = Release|Any CPU
	EndGlobalSection
	GlobalSection(ProjectConfigurationPlatforms) = postSolution
		{D30B6F15-F538-4158-BC41-3A9C1C9FE4FD}.Debug|Any CPU.ActiveCfg = Debug|Any CPU
		{D30B6F15-F538-4158-BC41-3A9C1C9FE4FD}.Debug|Any CPU.Build.0 = Debug|Any CPU
		{D30B6F15-F538-4158-BC41-3A9C1C9FE4FD}.Release|Any CPU.ActiveCfg = Release|Any CPU
		{D30B6F15-F538-4158-BC41-3A9C1C9FE4FD}.Release|Any CPU.Build.0 = Release|Any CPU
	EndGlobalSection
	GlobalSection(SolutionProperties) = preSolution
		HideSolutionNode = FALSE
	EndGlobalSection
	GlobalSection(ExtensibilityGlobals) = postSolution
		SolutionGuid = {646DBFA6-817B-45D7-9123-154E424CF645}
	EndGlobalSection
EndGlobal
